// !$*UTF8*$!
{
	archiveVersion = 1;
	classes = {
	};
	objectVersion = 50;
	objects = {

/* Begin PBXBuildFile section */
		5F062F922138C1CF0005E6CC /* MapKit.framework in Frameworks */ = {isa = PBXBuildFile; fileRef = 5F062F912138C1CF0005E6CC /* MapKit.framework */; };
		5F3F5A752138C12200711655 /* AppDelegate.swift in Sources */ = {isa = PBXBuildFile; fileRef = 5F3F5A742138C12200711655 /* AppDelegate.swift */; };
		5F3F5A772138C12200711655 /* ViewController.swift in Sources */ = {isa = PBXBuildFile; fileRef = 5F3F5A762138C12200711655 /* ViewController.swift */; };
		5F3F5A7A2138C12200711655 /* Main.storyboard in Resources */ = {isa = PBXBuildFile; fileRef = 5F3F5A782138C12200711655 /* Main.storyboard */; };
		5F3F5A7D2138C12200711655 /* PokemonGO.xcdatamodeld in Sources */ = {isa = PBXBuildFile; fileRef = 5F3F5A7B2138C12200711655 /* PokemonGO.xcdatamodeld */; };
		5F3F5A7F2138C12400711655 /* Assets.xcassets in Resources */ = {isa = PBXBuildFile; fileRef = 5F3F5A7E2138C12400711655 /* Assets.xcassets */; };
		5F3F5A822138C12400711655 /* LaunchScreen.storyboard in Resources */ = {isa = PBXBuildFile; fileRef = 5F3F5A802138C12400711655 /* LaunchScreen.storyboard */; };
		5FC2FBA121569A8300250DCE /* CoreDataPokemon.swift in Sources */ = {isa = PBXBuildFile; fileRef = 5FC2FBA021569A8300250DCE /* CoreDataPokemon.swift */; };
		5FC2FBA3215B077A00250DCE /* PokemonAnotacao.swift in Sources */ = {isa = PBXBuildFile; fileRef = 5FC2FBA2215B077A00250DCE /* PokemonAnotacao.swift */; };
		5FC2FBA5215B0CBD00250DCE /* PokeAgendaViewController.swift in Sources */ = {isa = PBXBuildFile; fileRef = 5FC2FBA4215B0CBD00250DCE /* PokeAgendaViewController.swift */; };
/* End PBXBuildFile section */

/* Begin PBXFileReference section */
		5F062F912138C1CF0005E6CC /* MapKit.framework */ = {isa = PBXFileReference; lastKnownFileType = wrapper.framework; name = MapKit.framework; path = System/Library/Frameworks/MapKit.framework; sourceTree = SDKROOT; };
		5F3F5A712138C12200711655 /* PokemonGO.app */ = {isa = PBXFileReference; explicitFileType = wrapper.application; includeInIndex = 0; path = PokemonGO.app; sourceTree = BUILT_PRODUCTS_DIR; };
		5F3F5A742138C12200711655 /* AppDelegate.swift */ = {isa = PBXFileReference; lastKnownFileType = sourcecode.swift; path = AppDelegate.swift; sourceTree = "<group>"; };
		5F3F5A762138C12200711655 /* ViewController.swift */ = {isa = PBXFileReference; lastKnownFileType = sourcecode.swift; path = ViewController.swift; sourceTree = "<group>"; };
		5F3F5A792138C12200711655 /* Base */ = {isa = PBXFileReference; lastKnownFileType = file.storyboard; name = Base; path = Base.lproj/Main.storyboard; sourceTree = "<group>"; };
		5F3F5A7C2138C12200711655 /* PokemonGO.xcdatamodel */ = {isa = PBXFileReference; lastKnownFileType = wrapper.xcdatamodel; path = PokemonGO.xcdatamodel; sourceTree = "<group>"; };
		5F3F5A7E2138C12400711655 /* Assets.xcassets */ = {isa = PBXFileReference; lastKnownFileType = folder.assetcatalog; path = Assets.xcassets; sourceTree = "<group>"; };
		5F3F5A812138C12400711655 /* Base */ = {isa = PBXFileReference; lastKnownFileType = file.storyboard; name = Base; path = Base.lproj/LaunchScreen.storyboard; sourceTree = "<group>"; };
		5F3F5A832138C12400711655 /* Info.plist */ = {isa = PBXFileReference; lastKnownFileType = text.plist.xml; path = Info.plist; sourceTree = "<group>"; };
		5FC2FBA021569A8300250DCE /* CoreDataPokemon.swift */ = {isa = PBXFileReference; lastKnownFileType = sourcecode.swift; path = CoreDataPokemon.swift; sourceTree = "<group>"; };
		5FC2FBA2215B077A00250DCE /* PokemonAnotacao.swift */ = {isa = PBXFileReference; lastKnownFileType = sourcecode.swift; path = PokemonAnotacao.swift; sourceTree = "<group>"; };
		5FC2FBA4215B0CBD00250DCE /* PokeAgendaViewController.swift */ = {isa = PBXFileReference; lastKnownFileType = sourcecode.swift; path = PokeAgendaViewController.swift; sourceTree = "<group>"; };
/* End PBXFileReference section */

/* Begin PBXFrameworksBuildPhase section */
		5F3F5A6E2138C12200711655 /* Frameworks */ = {
			isa = PBXFrameworksBuildPhase;
			buildActionMask = 2147483647;
			files = (
				5F062F922138C1CF0005E6CC /* MapKit.framework in Frameworks */,
			);
			runOnlyForDeploymentPostprocessing = 0;
		};
/* End PBXFrameworksBuildPhase section */

/* Begin PBXGroup section */
		5F062F902138C1CF0005E6CC /* Frameworks */ = {
			isa = PBXGroup;
			children = (
				5F062F912138C1CF0005E6CC /* MapKit.framework */,
			);
			name = Frameworks;
			sourceTree = "<group>";
		};
		5F3F5A682138C12200711655 = {
			isa = PBXGroup;
			children = (
				5F3F5A732138C12200711655 /* PokemonGO */,
				5F3F5A722138C12200711655 /* Products */,
				5F062F902138C1CF0005E6CC /* Frameworks */,
			);
			sourceTree = "<group>";
		};
		5F3F5A722138C12200711655 /* Products */ = {
			isa = PBXGroup;
			children = (
				5F3F5A712138C12200711655 /* PokemonGO.app */,
			);
			name = Products;
			sourceTree = "<group>";
		};
		5F3F5A732138C12200711655 /* PokemonGO */ = {
			isa = PBXGroup;
			children = (
				5F3F5A742138C12200711655 /* AppDelegate.swift */,
				5F3F5A762138C12200711655 /* ViewController.swift */,
				5F3F5A782138C12200711655 /* Main.storyboard */,
				5F3F5A7E2138C12400711655 /* Assets.xcassets */,
				5F3F5A802138C12400711655 /* LaunchScreen.storyboard */,
				5F3F5A832138C12400711655 /* Info.plist */,
				5F3F5A7B2138C12200711655 /* PokemonGO.xcdatamodeld */,
				5FC2FBA021569A8300250DCE /* CoreDataPokemon.swift */,
				5FC2FBA2215B077A00250DCE /* PokemonAnotacao.swift */,
				5FC2FBA4215B0CBD00250DCE /* PokeAgendaViewController.swift */,
			);
			path = PokemonGO;
			sourceTree = "<group>";
		};
/* End PBXGroup section */

/* Begin PBXNativeTarget section */
		5F3F5A702138C12200711655 /* PokemonGO */ = {
			isa = PBXNativeTarget;
			buildConfigurationList = 5F3F5A862138C12400711655 /* Build configuration list for PBXNativeTarget "PokemonGO" */;
			buildPhases = (
				5F3F5A6D2138C12200711655 /* Sources */,
				5F3F5A6E2138C12200711655 /* Frameworks */,
				5F3F5A6F2138C12200711655 /* Resources */,
			);
			buildRules = (
			);
			dependencies = (
			);
			name = PokemonGO;
			productName = PokemonGO;
			productReference = 5F3F5A712138C12200711655 /* PokemonGO.app */;
			productType = "com.apple.product-type.application";
		};
/* End PBXNativeTarget section */

/* Begin PBXProject section */
		5F3F5A692138C12200711655 /* Project object */ = {
			isa = PBXProject;
			attributes = {
				LastSwiftUpdateCheck = 0940;
				LastUpgradeCheck = 0940;
				ORGANIZATIONNAME = Hicharles;
				TargetAttributes = {
					5F3F5A702138C12200711655 = {
						CreatedOnToolsVersion = 9.4.1;
					};
				};
			};
			buildConfigurationList = 5F3F5A6C2138C12200711655 /* Build configuration list for PBXProject "PokemonGO" */;
			compatibilityVersion = "Xcode 9.3";
			developmentRegion = en;
			hasScannedForEncodings = 0;
			knownRegions = (
				en,
				Base,
			);
			mainGroup = 5F3F5A682138C12200711655;
			productRefGroup = 5F3F5A722138C12200711655 /* Products */;
			projectDirPath = "";
			projectRoot = "";
			targets = (
				5F3F5A702138C12200711655 /* PokemonGO */,
			);
		};
/* End PBXProject section */

/* Begin PBXResourcesBuildPhase section */
		5F3F5A6F2138C12200711655 /* Resources */ = {
			isa = PBXResourcesBuildPhase;
			buildActionMask = 2147483647;
			files = (
				5F3F5A822138C12400711655 /* LaunchScreen.storyboard in Resources */,
				5F3F5A7F2138C12400711655 /* Assets.xcassets in Resources */,
				5F3F5A7A2138C12200711655 /* Main.storyboard in Resources */,
			);
			runOnlyForDeploymentPostprocessing = 0;
		};
/* End PBXResourcesBuildPhase section */

/* Begin PBXSourcesBuildPhase section */
		5F3F5A6D2138C12200711655 /* Sources */ = {
			isa = PBXSourcesBuildPhase;
			buildActionMask = 2147483647;
			files = (
				5FC2FBA121569A8300250DCE /* CoreDataPokemon.swift in Sources */,
				5FC2FBA3215B077A00250DCE /* PokemonAnotacao.swift in Sources */,
				5F3F5A772138C12200711655 /* ViewController.swift in Sources */,
				5F3F5A7D2138C12200711655 /* PokemonGO.xcdatamodeld in Sources */,
				5F3F5A752138C12200711655 /* AppDelegate.swift in Sources */,
				5FC2FBA5215B0CBD00250DCE /* PokeAgendaViewController.swift in Sources */,
			);
			runOnlyForDeploymentPostprocessing = 0;
		};
/* End PBXSourcesBuildPhase section */

/* Begin PBXVariantGroup section */
		5F3F5A782138C12200711655 /* Main.storyboard */ = {
			isa = PBXVariantGroup;
			children = (
				5F3F5A792138C12200711655 /* Base */,
			);
			name = Main.storyboard;
			sourceTree = "<group>";
		};
		5F3F5A802138C12400711655 /* LaunchScreen.storyboard */ = {
			isa = PBXVariantGroup;
			children = (
				5F3F5A812138C12400711655 /* Base */,
			);
			name = LaunchScreen.storyboard;
			sourceTree = "<group>";
		};
/* End PBXVariantGroup section */

/* Begin XCBuildConfiguration section */
		5F3F5A842138C12400711655 /* Debug */ = {
			isa = XCBuildConfiguration;
			buildSettings = {
				ALWAYS_SEARCH_USER_PATHS = NO;
				CLANG_ANALYZER_NONNULL = YES;
				CLANG_ANALYZER_NUMBER_OBJECT_CONVERSION = YES_AGGRESSIVE;
				CLANG_CXX_LANGUAGE_STANDARD = "gnu++14";
				CLANG_CXX_LIBRARY = "libc++";
				CLANG_ENABLE_MODULES = YES;
				CLANG_ENABLE_OBJC_ARC = YES;
				CLANG_ENABLE_OBJC_WEAK = YES;
				CLANG_WARN_BLOCK_CAPTURE_AUTORELEASING = YES;
				CLANG_WARN_BOOL_CONVERSION = YES;
				CLANG_WARN_COMMA = YES;
				CLANG_WARN_CONSTANT_CONVERSION = YES;
				CLANG_WARN_DEPRECATED_OBJC_IMPLEMENTATIONS = YES;
				CLANG_WARN_DIRECT_OBJC_ISA_USAGE = YES_ERROR;
				CLANG_WARN_DOCUMENTATION_COMMENTS = YES;
				CLANG_WARN_EMPTY_BODY = YES;
				CLANG_WARN_ENUM_CONVERSION = YES;
				CLANG_WARN_INFINITE_RECURSION = YES;
				CLANG_WARN_INT_CONVERSION = YES;
				CLANG_WARN_NON_LITERAL_NULL_CONVERSION = YES;
				CLANG_WARN_OBJC_IMPLICIT_RETAIN_SELF = YES;
				CLANG_WARN_OBJC_LITERAL_CONVERSION = YES;
				CLANG_WARN_OBJC_ROOT_CLASS = YES_ERROR;
				CLANG_WARN_RANGE_LOOP_ANALYSIS = YES;
				CLANG_WARN_STRICT_PROTOTYPES = YES;
				CLANG_WARN_SUSPICIOUS_MOVE = YES;
				CLANG_WARN_UNGUARDED_AVAILABILITY = YES_AGGRESSIVE;
				CLANG_WARN_UNREACHABLE_CODE = YES;
				CLANG_WARN__DUPLICATE_METHOD_MATCH = YES;
				CODE_SIGN_IDENTITY = "iPhone Developer";
				COPY_PHASE_STRIP = NO;
				DEBUG_INFORMATION_FORMAT = dwarf;
				ENABLE_STRICT_OBJC_MSGSEND = YES;
				ENABLE_TESTABILITY = YES;
				GCC_C_LANGUAGE_STANDARD = gnu11;
				GCC_DYNAMIC_NO_PIC = NO;
				GCC_NO_COMMON_BLOCKS = YES;
				GCC_OPTIMIZATION_LEVEL = 0;
				GCC_PREPROCESSOR_DEFINITIONS = (
					"DEBUG=1",
					"$(inherited)",
				);
				GCC_WARN_64_TO_32_BIT_CONVERSION = YES;
				GCC_WARN_ABOUT_RETURN_TYPE = YES_ERROR;
				GCC_WARN_UNDECLARED_SELECTOR = YES;
				GCC_WARN_UNINITIALIZED_AUTOS = YES_AGGRESSIVE;
				GCC_WARN_UNUSED_FUNCTION = YES;
				GCC_WARN_UNUSED_VARIABLE = YES;
				IPHONEOS_DEPLOYMENT_TARGET = 11.4;
				MTL_ENABLE_DEBUG_INFO = YES;
				ONLY_ACTIVE_ARCH = YES;
				SDKROOT = iphoneos;
				SWIFT_ACTIVE_COMPILATION_CONDITIONS = DEBUG;
				SWIFT_OPTIMIZATION_LEVEL = "-Onone";
			};
			name = Debug;
		};
		5F3F5A852138C12400711655 /* Release */ = {
			isa = XCBuildConfiguration;
			buildSettings = {
				ALWAYS_SEARCH_USER_PATHS = NO;
				CLANG_ANALYZER_NONNULL = YES;
				CLANG_ANALYZER_NUMBER_OBJECT_CONVERSION = YES_AGGRESSIVE;
				CLANG_CXX_LANGUAGE_STANDARD = "gnu++14";
				CLANG_CXX_LIBRARY = "libc++";
				CLANG_ENABLE_MODULES = YES;
				CLANG_ENABLE_OBJC_ARC = YES;
				CLANG_ENABLE_OBJC_WEAK = YES;
				CLANG_WARN_BLOCK_CAPTURE_AUTORELEASING = YES;
				CLANG_WARN_BOOL_CONVERSION = YES;
				CLANG_WARN_COMMA = YES;
				CLANG_WARN_CONSTANT_CONVERSION = YES;
				CLANG_WARN_DEPRECATED_OBJC_IMPLEMENTATIONS = YES;
				CLANG_WARN_DIRECT_OBJC_ISA_USAGE = YES_ERROR;
				CLANG_WARN_DOCUMENTATION_COMMENTS = YES;
				CLANG_WARN_EMPTY_BODY = YES;
				CLANG_WARN_ENUM_CONVERSION = YES;
				CLANG_WARN_INFINITE_RECURSION = YES;
				CLANG_WARN_INT_CONVERSION = YES;
				CLANG_WARN_NON_LITERAL_NULL_CONVERSION = YES;
				CLANG_WARN_OBJC_IMPLICIT_RETAIN_SELF = YES;
				CLANG_WARN_OBJC_LITERAL_CONVERSION = YES;
				CLANG_WARN_OBJC_ROOT_CLASS = YES_ERROR;
				CLANG_WARN_RANGE_LOOP_ANALYSIS = YES;
				CLANG_WARN_STRICT_PROTOTYPES = YES;
				CLANG_WARN_SUSPICIOUS_MOVE = YES;
				CLANG_WARN_UNGUARDED_AVAILABILITY = YES_AGGRESSIVE;
				CLANG_WARN_UNREACHABLE_CODE = YES;
				CLANG_WARN__DUPLICATE_METHOD_MATCH = YES;
				CODE_SIGN_IDENTITY = "iPhone Developer";
				COPY_PHASE_STRIP = NO;
				DEBUG_INFORMATION_FORMAT = "dwarf-with-dsym";
				ENABLE_NS_ASSERTIONS = NO;
				ENABLE_STRICT_OBJC_MSGSEND = YES;
				GCC_C_LANGUAGE_STANDARD = gnu11;
				GCC_NO_COMMON_BLOCKS = YES;
				GCC_WARN_64_TO_32_BIT_CONVERSION = YES;
				GCC_WARN_ABOUT_RETURN_TYPE = YES_ERROR;
				GCC_WARN_UNDECLARED_SELECTOR = YES;
				GCC_WARN_UNINITIALIZED_AUTOS = YES_AGGRESSIVE;
				GCC_WARN_UNUSED_FUNCTION = YES;
				GCC_WARN_UNUSED_VARIABLE = YES;
				IPHONEOS_DEPLOYMENT_TARGET = 11.4;
				MTL_ENABLE_DEBUG_INFO = NO;
				SDKROOT = iphoneos;
				SWIFT_COMPILATION_MODE = wholemodule;
				SWIFT_OPTIMIZATION_LEVEL = "-O";
				VALIDATE_PRODUCT = YES;
			};
			name = Release;
		};
		5F3F5A872138C12400711655 /* Debug */ = {
			isa = XCBuildConfiguration;
			buildSettings = {
				ASSETCATALOG_COMPILER_APPICON_NAME = AppIcon;
				CODE_SIGN_STYLE = Automatic;
				DEVELOPMENT_TEAM = 36E9NGVVGC;
				INFOPLIST_FILE = PokemonGO/Info.plist;
				LD_RUNPATH_SEARCH_PATHS = (
					"$(inherited)",
					"@executable_path/Frameworks",
				);
				PRODUCT_BUNDLE_IDENTIFIER = br.com.hicharles.PokemonGO;
				PRODUCT_NAME = "$(TARGET_NAME)";
				SWIFT_VERSION = 4.0;
				TARGETED_DEVICE_FAMILY = "1,2";
			};
			name = Debug;
		};
		5F3F5A882138C12400711655 /* Release */ = {
			isa = XCBuildConfiguration;
			buildSettings = {
				ASSETCATALOG_COMPILER_APPICON_NAME = AppIcon;
				CODE_SIGN_STYLE = Automatic;
				DEVELOPMENT_TEAM = 36E9NGVVGC;
				INFOPLIST_FILE = PokemonGO/Info.plist;
				LD_RUNPATH_SEARCH_PATHS = (
					"$(inherited)",
					"@executable_path/Frameworks",
				);
				PRODUCT_BUNDLE_IDENTIFIER = br.com.hicharles.PokemonGO;
				PRODUCT_NAME = "$(TARGET_NAME)";
				SWIFT_VERSION = 4.0;
				TARGETED_DEVICE_FAMILY = "1,2";
			};
			name = Release;
		};
/* End XCBuildConfiguration section */

/* Begin XCConfigurationList section */
		5F3F5A6C2138C12200711655 /* Build configuration list for PBXProject "PokemonGO" */ = {
			isa = XCConfigurationList;
			buildConfigurations = (
				5F3F5A842138C12400711655 /* Debug */,
				5F3F5A852138C12400711655 /* Release */,
			);
			defaultConfigurationIsVisible = 0;
			defaultConfigurationName = Release;
		};
		5F3F5A862138C12400711655 /* Build configuration list for PBXNativeTarget "PokemonGO" */ = {
			isa = XCConfigurationList;
			buildConfigurations = (
				5F3F5A872138C12400711655 /* Debug */,
				5F3F5A882138C12400711655 /* Release */,
			);
			defaultConfigurationIsVisible = 0;
			defaultConfigurationName = Release;
		};
/* End XCConfigurationList section */

/* Begin XCVersionGroup section */
		5F3F5A7B2138C12200711655 /* PokemonGO.xcdatamodeld */ = {
			isa = XCVersionGroup;
			children = (
				5F3F5A7C2138C12200711655 /* PokemonGO.xcdatamodel */,
			);
			currentVersion = 5F3F5A7C2138C12200711655 /* PokemonGO.xcdatamodel */;
			path = PokemonGO.xcdatamodeld;
			sourceTree = "<group>";
			versionGroupType = wrapper.xcdatamodel;
		};
/* End XCVersionGroup section */
	};
	rootObject = 5F3F5A692138C12200711655 /* Project object */;
}
